
Microsoft Visual Studio Solution File, Format Version 12.00
# Visual Studio Version 17
VisualStudioVersion = 17.8.34309.116
MinimumVisualStudioVersion = 10.0.40219.1
Project("{FAE04EC0-301F-11D3-BF4B-00C04F79EFBC}") = "QuanLyThiOlympic", "QuanLyThiOlympic.csproj", "{C21F80C4-8AE5-4565-8C7E-E52FEABF4B36}"
EndProject
Global
	GlobalSection(SolutionConfigurationPlatforms) = preSolution
		Debug|Any CPU = Debug|Any CPU
		Release|Any CPU = Release|Any CPU
	EndGlobalSection
	GlobalSection(ProjectConfigurationPlatforms) = postSolution
		{C21F80C4-8AE5-4565-8C7E-E52FEABF4B36}.Debug|Any CPU.ActiveCfg = Debug|Any CPU
		{C21F80C4-8AE5-4565-8C7E-E52FEABF4B36}.Debug|Any CPU.Build.0 = Debug|Any CPU
		{C21F80C4-8AE5-4565-8C7E-E52FEABF4B36}.Release|Any CPU.ActiveCfg = Release|Any CPU
		{C21F80C4-8AE5-4565-8C7E-E52FEABF4B36}.Release|Any CPU.Build.0 = Release|Any CPU
	EndGlobalSection
	GlobalSection(SolutionProperties) = preSolution
		HideSolutionNode = FALSE
	EndGlobalSection
	GlobalSection(ExtensibilityGlobals) = postSolution
		SolutionGuid = {181B57D9-B380-4C38-80ED-C673E7045617}
	EndGlobalSection
EndGlobal
